
Microsoft Visual Studio Solution File, Format Version 12.00
# Visual Studio 14
VisualStudioVersion = 14.0.25420.1
MinimumVisualStudioVersion = 10.0.40219.1
Project("{2150E333-8FDC-42A3-9474-1A3956D46DE8}") = "CRC32", "CRC32", "{F4173085-4B12-441F-A5F9-E9C2E01F5705}"
EndProject
Project("{2150E333-8FDC-42A3-9474-1A3956D46DE8}") = "PAR2", "PAR2", "{31685F6B-D1C8-4C06-91F8-ABA9C96AC20B}"
EndProject
Project("{2150E333-8FDC-42A3-9474-1A3956D46DE8}") = "FastGaloisFields", "FastGaloisFields", "{21F6E570-1521-453F-941A-1824E49AC0F1}"
EndProject
Project("{2150E333-8FDC-42A3-9474-1A3956D46DE8}") = "Solution Items", "Solution Items", "{AE0B7DE2-B26B-4B31-857C-9C1250C94A6E}"
	ProjectSection(SolutionItems) = preProject
		global.json = global.json
		Local.testsettings = Local.testsettings
		Par2NET.vsmdi = Par2NET.vsmdi
		TraceAndTestImpact.testsettings = TraceAndTestImpact.testsettings
	EndProjectSection
EndProject
Project("{2150E333-8FDC-42A3-9474-1A3956D46DE8}") = "Tests", "Tests", "{3D7D878F-3E08-478F-8590-25853B435E4D}"
EndProject
Project("{2150E333-8FDC-42A3-9474-1A3956D46DE8}") = "UnitTests", "UnitTests", "{014C107B-55DB-4BC3-A8D6-980910334673}"
EndProject
Project("{2150E333-8FDC-42A3-9474-1A3956D46DE8}") = "ChainTests", "ChainTests", "{467383F1-6E22-4FB3-93FD-4F60588A1760}"
EndProject
Project("{FAE04EC0-301F-11D3-BF4B-00C04F79EFBC}") = "FullChainTests", "Tests\FullChainTests\FullChainTests.csproj", "{E4F0D65F-BD57-46D0-99B9-49E2B154BEB1}"
EndProject
Project("{2150E333-8FDC-42A3-9474-1A3956D46DE8}") = "Files", "Files", "{6718731A-D510-4BB7-B80E-12EF181CF3DC}"
	ProjectSection(SolutionItems) = preProject
		Tests\Files\EntLib50.chm = Tests\Files\EntLib50.chm
		Tests\Files\EntLib50.chm.par2 = Tests\Files\EntLib50.chm.par2
		Tests\Files\EntLib50.chm.vol0+1.PAR2 = Tests\Files\EntLib50.chm.vol0+1.PAR2
		Tests\Files\EntLib50.chm.vol1+2.PAR2 = Tests\Files\EntLib50.chm.vol1+2.PAR2
		Tests\Files\EntLib50.chm.vol3+3.PAR2 = Tests\Files\EntLib50.chm.vol3+3.PAR2
		Tests\Files\EntLib50.chm.vol6+4.PAR2 = Tests\Files\EntLib50.chm.vol6+4.PAR2
		Tests\Files\EntLib50_bad.chm = Tests\Files\EntLib50_bad.chm
		Tests\Files\EntLib50_copy.chm = Tests\Files\EntLib50_copy.chm
		Tests\Files\EntLib50_copy2.chm = Tests\Files\EntLib50_copy2.chm
	EndProjectSection
EndProject
Project("{8BB2217D-0F2D-49D1-97BC-3654ED321F3B}") = "FastCRC32", "FastCRC32\FastCRC32.xproj", "{D0414CE3-8544-4BD8-B93E-07FD43CCC4C3}"
EndProject
Project("{8BB2217D-0F2D-49D1-97BC-3654ED321F3B}") = "GaloisFields", "GaloisFields\GaloisFields.xproj", "{500487C1-9BB0-4BFE-A695-CD3890600DB3}"
EndProject
Project("{8BB2217D-0F2D-49D1-97BC-3654ED321F3B}") = "FastGaloisFieldsUnsafe", "FastGaloisFieldsUnsafe\FastGaloisFieldsUnsafe.xproj", "{CA811BC2-BDDB-4A01-9F02-D523514E29B6}"
EndProject
Project("{8BB2217D-0F2D-49D1-97BC-3654ED321F3B}") = "FastGaloisFields", "FastGaloisFields\FastGaloisFields\FastGaloisFields.xproj", "{5D6A9346-124A-492B-AEA1-2F8734F686B6}"
EndProject
Project("{8BB2217D-0F2D-49D1-97BC-3654ED321F3B}") = "Par2NET.Interfaces", "Par2NET.Interfaces\Par2NET.Interfaces.xproj", "{17ECA7E2-600D-4F13-AE88-4920E6065559}"
EndProject
Project("{8BB2217D-0F2D-49D1-97BC-3654ED321F3B}") = "Par2NET", "Par2NET\Par2NET.xproj", "{7ED2E24D-783B-48DC-A409-D60E7EF9E2E2}"
EndProject
Project("{8BB2217D-0F2D-49D1-97BC-3654ED321F3B}") = "Par2NET.Console", "Par2NET.Console\Par2NET.Console.xproj", "{FBDFE4A4-5766-4624-9C96-0556F995D7B1}"
EndProject
Global
	GlobalSection(SolutionConfigurationPlatforms) = preSolution
		Debug|Any CPU = Debug|Any CPU
		Debug|Mixed Platforms = Debug|Mixed Platforms
		Debug|Win32 = Debug|Win32
		Debug|x64 = Debug|x64
		Debug|x86 = Debug|x86
		Release|Any CPU = Release|Any CPU
		Release|Mixed Platforms = Release|Mixed Platforms
		Release|Win32 = Release|Win32
		Release|x64 = Release|x64
		Release|x86 = Release|x86
	EndGlobalSection
	GlobalSection(ProjectConfigurationPlatforms) = postSolution
		{E4F0D65F-BD57-46D0-99B9-49E2B154BEB1}.Debug|Any CPU.ActiveCfg = Debug|Any CPU
		{E4F0D65F-BD57-46D0-99B9-49E2B154BEB1}.Debug|Any CPU.Build.0 = Debug|Any CPU
		{E4F0D65F-BD57-46D0-99B9-49E2B154BEB1}.Debug|Mixed Platforms.ActiveCfg = Debug|Any CPU
		{E4F0D65F-BD57-46D0-99B9-49E2B154BEB1}.Debug|Mixed Platforms.Build.0 = Debug|Any CPU
		{E4F0D65F-BD57-46D0-99B9-49E2B154BEB1}.Debug|Win32.ActiveCfg = Debug|Any CPU
		{E4F0D65F-BD57-46D0-99B9-49E2B154BEB1}.Debug|x64.ActiveCfg = Debug|Any CPU
		{E4F0D65F-BD57-46D0-99B9-49E2B154BEB1}.Debug|x86.ActiveCfg = Debug|Any CPU
		{E4F0D65F-BD57-46D0-99B9-49E2B154BEB1}.Release|Any CPU.ActiveCfg = Release|Any CPU
		{E4F0D65F-BD57-46D0-99B9-49E2B154BEB1}.Release|Any CPU.Build.0 = Release|Any CPU
		{E4F0D65F-BD57-46D0-99B9-49E2B154BEB1}.Release|Mixed Platforms.ActiveCfg = Release|Any CPU
		{E4F0D65F-BD57-46D0-99B9-49E2B154BEB1}.Release|Mixed Platforms.Build.0 = Release|Any CPU
		{E4F0D65F-BD57-46D0-99B9-49E2B154BEB1}.Release|Win32.ActiveCfg = Release|Any CPU
		{E4F0D65F-BD57-46D0-99B9-49E2B154BEB1}.Release|x64.ActiveCfg = Release|Any CPU
		{E4F0D65F-BD57-46D0-99B9-49E2B154BEB1}.Release|x86.ActiveCfg = Release|Any CPU
		{D0414CE3-8544-4BD8-B93E-07FD43CCC4C3}.Debug|Any CPU.ActiveCfg = Debug|Any CPU
		{D0414CE3-8544-4BD8-B93E-07FD43CCC4C3}.Debug|Any CPU.Build.0 = Debug|Any CPU
		{D0414CE3-8544-4BD8-B93E-07FD43CCC4C3}.Debug|Mixed Platforms.ActiveCfg = Debug|Any CPU
		{D0414CE3-8544-4BD8-B93E-07FD43CCC4C3}.Debug|Mixed Platforms.Build.0 = Debug|Any CPU
		{D0414CE3-8544-4BD8-B93E-07FD43CCC4C3}.Debug|Win32.ActiveCfg = Debug|Any CPU
		{D0414CE3-8544-4BD8-B93E-07FD43CCC4C3}.Debug|Win32.Build.0 = Debug|Any CPU
		{D0414CE3-8544-4BD8-B93E-07FD43CCC4C3}.Debug|x64.ActiveCfg = Debug|Any CPU
		{D0414CE3-8544-4BD8-B93E-07FD43CCC4C3}.Debug|x64.Build.0 = Debug|Any CPU
		{D0414CE3-8544-4BD8-B93E-07FD43CCC4C3}.Debug|x86.ActiveCfg = Debug|Any CPU
		{D0414CE3-8544-4BD8-B93E-07FD43CCC4C3}.Debug|x86.Build.0 = Debug|Any CPU
		{D0414CE3-8544-4BD8-B93E-07FD43CCC4C3}.Release|Any CPU.ActiveCfg = Release|Any CPU
		{D0414CE3-8544-4BD8-B93E-07FD43CCC4C3}.Release|Any CPU.Build.0 = Release|Any CPU
		{D0414CE3-8544-4BD8-B93E-07FD43CCC4C3}.Release|Mixed Platforms.ActiveCfg = Release|Any CPU
		{D0414CE3-8544-4BD8-B93E-07FD43CCC4C3}.Release|Mixed Platforms.Build.0 = Release|Any CPU
		{D0414CE3-8544-4BD8-B93E-07FD43CCC4C3}.Release|Win32.ActiveCfg = Release|Any CPU
		{D0414CE3-8544-4BD8-B93E-07FD43CCC4C3}.Release|Win32.Build.0 = Release|Any CPU
		{D0414CE3-8544-4BD8-B93E-07FD43CCC4C3}.Release|x64.ActiveCfg = Release|Any CPU
		{D0414CE3-8544-4BD8-B93E-07FD43CCC4C3}.Release|x64.Build.0 = Release|Any CPU
		{D0414CE3-8544-4BD8-B93E-07FD43CCC4C3}.Release|x86.ActiveCfg = Release|Any CPU
		{D0414CE3-8544-4BD8-B93E-07FD43CCC4C3}.Release|x86.Build.0 = Release|Any CPU
		{500487C1-9BB0-4BFE-A695-CD3890600DB3}.Debug|Any CPU.ActiveCfg = Debug|Any CPU
		{500487C1-9BB0-4BFE-A695-CD3890600DB3}.Debug|Any CPU.Build.0 = Debug|Any CPU
		{500487C1-9BB0-4BFE-A695-CD3890600DB3}.Debug|Mixed Platforms.ActiveCfg = Debug|Any CPU
		{500487C1-9BB0-4BFE-A695-CD3890600DB3}.Debug|Mixed Platforms.Build.0 = Debug|Any CPU
		{500487C1-9BB0-4BFE-A695-CD3890600DB3}.Debug|Win32.ActiveCfg = Debug|Any CPU
		{500487C1-9BB0-4BFE-A695-CD3890600DB3}.Debug|Win32.Build.0 = Debug|Any CPU
		{500487C1-9BB0-4BFE-A695-CD3890600DB3}.Debug|x64.ActiveCfg = Debug|Any CPU
		{500487C1-9BB0-4BFE-A695-CD3890600DB3}.Debug|x64.Build.0 = Debug|Any CPU
		{500487C1-9BB0-4BFE-A695-CD3890600DB3}.Debug|x86.ActiveCfg = Debug|Any CPU
		{500487C1-9BB0-4BFE-A695-CD3890600DB3}.Debug|x86.Build.0 = Debug|Any CPU
		{500487C1-9BB0-4BFE-A695-CD3890600DB3}.Release|Any CPU.ActiveCfg = Release|Any CPU
		{500487C1-9BB0-4BFE-A695-CD3890600DB3}.Release|Any CPU.Build.0 = Release|Any CPU
		{500487C1-9BB0-4BFE-A695-CD3890600DB3}.Release|Mixed Platforms.ActiveCfg = Release|Any CPU
		{500487C1-9BB0-4BFE-A695-CD3890600DB3}.Release|Mixed Platforms.Build.0 = Release|Any CPU
		{500487C1-9BB0-4BFE-A695-CD3890600DB3}.Release|Win32.ActiveCfg = Release|Any CPU
		{500487C1-9BB0-4BFE-A695-CD3890600DB3}.Release|Win32.Build.0 = Release|Any CPU
		{500487C1-9BB0-4BFE-A695-CD3890600DB3}.Release|x64.ActiveCfg = Release|Any CPU
		{500487C1-9BB0-4BFE-A695-CD3890600DB3}.Release|x64.Build.0 = Release|Any CPU
		{500487C1-9BB0-4BFE-A695-CD3890600DB3}.Release|x86.ActiveCfg = Release|Any CPU
		{500487C1-9BB0-4BFE-A695-CD3890600DB3}.Release|x86.Build.0 = Release|Any CPU
		{CA811BC2-BDDB-4A01-9F02-D523514E29B6}.Debug|Any CPU.ActiveCfg = Debug|Any CPU
		{CA811BC2-BDDB-4A01-9F02-D523514E29B6}.Debug|Any CPU.Build.0 = Debug|Any CPU
		{CA811BC2-BDDB-4A01-9F02-D523514E29B6}.Debug|Mixed Platforms.ActiveCfg = Debug|Any CPU
		{CA811BC2-BDDB-4A01-9F02-D523514E29B6}.Debug|Mixed Platforms.Build.0 = Debug|Any CPU
		{CA811BC2-BDDB-4A01-9F02-D523514E29B6}.Debug|Win32.ActiveCfg = Debug|Any CPU
		{CA811BC2-BDDB-4A01-9F02-D523514E29B6}.Debug|Win32.Build.0 = Debug|Any CPU
		{CA811BC2-BDDB-4A01-9F02-D523514E29B6}.Debug|x64.ActiveCfg = Debug|Any CPU
		{CA811BC2-BDDB-4A01-9F02-D523514E29B6}.Debug|x64.Build.0 = Debug|Any CPU
		{CA811BC2-BDDB-4A01-9F02-D523514E29B6}.Debug|x86.ActiveCfg = Debug|Any CPU
		{CA811BC2-BDDB-4A01-9F02-D523514E29B6}.Debug|x86.Build.0 = Debug|Any CPU
		{CA811BC2-BDDB-4A01-9F02-D523514E29B6}.Release|Any CPU.ActiveCfg = Release|Any CPU
		{CA811BC2-BDDB-4A01-9F02-D523514E29B6}.Release|Any CPU.Build.0 = Release|Any CPU
		{CA811BC2-BDDB-4A01-9F02-D523514E29B6}.Release|Mixed Platforms.ActiveCfg = Release|Any CPU
		{CA811BC2-BDDB-4A01-9F02-D523514E29B6}.Release|Mixed Platforms.Build.0 = Release|Any CPU
		{CA811BC2-BDDB-4A01-9F02-D523514E29B6}.Release|Win32.ActiveCfg = Release|Any CPU
		{CA811BC2-BDDB-4A01-9F02-D523514E29B6}.Release|Win32.Build.0 = Release|Any CPU
		{CA811BC2-BDDB-4A01-9F02-D523514E29B6}.Release|x64.ActiveCfg = Release|Any CPU
		{CA811BC2-BDDB-4A01-9F02-D523514E29B6}.Release|x64.Build.0 = Release|Any CPU
		{CA811BC2-BDDB-4A01-9F02-D523514E29B6}.Release|x86.ActiveCfg = Release|Any CPU
		{CA811BC2-BDDB-4A01-9F02-D523514E29B6}.Release|x86.Build.0 = Release|Any CPU
		{5D6A9346-124A-492B-AEA1-2F8734F686B6}.Debug|Any CPU.ActiveCfg = Debug|Any CPU
		{5D6A9346-124A-492B-AEA1-2F8734F686B6}.Debug|Any CPU.Build.0 = Debug|Any CPU
		{5D6A9346-124A-492B-AEA1-2F8734F686B6}.Debug|Mixed Platforms.ActiveCfg = Debug|Any CPU
		{5D6A9346-124A-492B-AEA1-2F8734F686B6}.Debug|Mixed Platforms.Build.0 = Debug|Any CPU
		{5D6A9346-124A-492B-AEA1-2F8734F686B6}.Debug|Win32.ActiveCfg = Debug|Any CPU
		{5D6A9346-124A-492B-AEA1-2F8734F686B6}.Debug|Win32.Build.0 = Debug|Any CPU
		{5D6A9346-124A-492B-AEA1-2F8734F686B6}.Debug|x64.ActiveCfg = Debug|Any CPU
		{5D6A9346-124A-492B-AEA1-2F8734F686B6}.Debug|x64.Build.0 = Debug|Any CPU
		{5D6A9346-124A-492B-AEA1-2F8734F686B6}.Debug|x86.ActiveCfg = Debug|Any CPU
		{5D6A9346-124A-492B-AEA1-2F8734F686B6}.Debug|x86.Build.0 = Debug|Any CPU
		{5D6A9346-124A-492B-AEA1-2F8734F686B6}.Release|Any CPU.ActiveCfg = Release|Any CPU
		{5D6A9346-124A-492B-AEA1-2F8734F686B6}.Release|Any CPU.Build.0 = Release|Any CPU
		{5D6A9346-124A-492B-AEA1-2F8734F686B6}.Release|Mixed Platforms.ActiveCfg = Release|Any CPU
		{5D6A9346-124A-492B-AEA1-2F8734F686B6}.Release|Mixed Platforms.Build.0 = Release|Any CPU
		{5D6A9346-124A-492B-AEA1-2F8734F686B6}.Release|Win32.ActiveCfg = Release|Any CPU
		{5D6A9346-124A-492B-AEA1-2F8734F686B6}.Release|Win32.Build.0 = Release|Any CPU
		{5D6A9346-124A-492B-AEA1-2F8734F686B6}.Release|x64.ActiveCfg = Release|Any CPU
		{5D6A9346-124A-492B-AEA1-2F8734F686B6}.Release|x64.Build.0 = Release|Any CPU
		{5D6A9346-124A-492B-AEA1-2F8734F686B6}.Release|x86.ActiveCfg = Release|Any CPU
		{5D6A9346-124A-492B-AEA1-2F8734F686B6}.Release|x86.Build.0 = Release|Any CPU
		{17ECA7E2-600D-4F13-AE88-4920E6065559}.Debug|Any CPU.ActiveCfg = Debug|Any CPU
		{17ECA7E2-600D-4F13-AE88-4920E6065559}.Debug|Any CPU.Build.0 = Debug|Any CPU
		{17ECA7E2-600D-4F13-AE88-4920E6065559}.Debug|Mixed Platforms.ActiveCfg = Debug|Any CPU
		{17ECA7E2-600D-4F13-AE88-4920E6065559}.Debug|Mixed Platforms.Build.0 = Debug|Any CPU
		{17ECA7E2-600D-4F13-AE88-4920E6065559}.Debug|Win32.ActiveCfg = Debug|Any CPU
		{17ECA7E2-600D-4F13-AE88-4920E6065559}.Debug|Win32.Build.0 = Debug|Any CPU
		{17ECA7E2-600D-4F13-AE88-4920E6065559}.Debug|x64.ActiveCfg = Debug|Any CPU
		{17ECA7E2-600D-4F13-AE88-4920E6065559}.Debug|x64.Build.0 = Debug|Any CPU
		{17ECA7E2-600D-4F13-AE88-4920E6065559}.Debug|x86.ActiveCfg = Debug|Any CPU
		{17ECA7E2-600D-4F13-AE88-4920E6065559}.Debug|x86.Build.0 = Debug|Any CPU
		{17ECA7E2-600D-4F13-AE88-4920E6065559}.Release|Any CPU.ActiveCfg = Release|Any CPU
		{17ECA7E2-600D-4F13-AE88-4920E6065559}.Release|Any CPU.Build.0 = Release|Any CPU
		{17ECA7E2-600D-4F13-AE88-4920E6065559}.Release|Mixed Platforms.ActiveCfg = Release|Any CPU
		{17ECA7E2-600D-4F13-AE88-4920E6065559}.Release|Mixed Platforms.Build.0 = Release|Any CPU
		{17ECA7E2-600D-4F13-AE88-4920E6065559}.Release|Win32.ActiveCfg = Release|Any CPU
		{17ECA7E2-600D-4F13-AE88-4920E6065559}.Release|Win32.Build.0 = Release|Any CPU
		{17ECA7E2-600D-4F13-AE88-4920E6065559}.Release|x64.ActiveCfg = Release|Any CPU
		{17ECA7E2-600D-4F13-AE88-4920E6065559}.Release|x64.Build.0 = Release|Any CPU
		{17ECA7E2-600D-4F13-AE88-4920E6065559}.Release|x86.ActiveCfg = Release|Any CPU
		{17ECA7E2-600D-4F13-AE88-4920E6065559}.Release|x86.Build.0 = Release|Any CPU
		{7ED2E24D-783B-48DC-A409-D60E7EF9E2E2}.Debug|Any CPU.ActiveCfg = Debug|Any CPU
		{7ED2E24D-783B-48DC-A409-D60E7EF9E2E2}.Debug|Any CPU.Build.0 = Debug|Any CPU
		{7ED2E24D-783B-48DC-A409-D60E7EF9E2E2}.Debug|Mixed Platforms.ActiveCfg = Debug|Any CPU
		{7ED2E24D-783B-48DC-A409-D60E7EF9E2E2}.Debug|Mixed Platforms.Build.0 = Debug|Any CPU
		{7ED2E24D-783B-48DC-A409-D60E7EF9E2E2}.Debug|Win32.ActiveCfg = Debug|Any CPU
		{7ED2E24D-783B-48DC-A409-D60E7EF9E2E2}.Debug|Win32.Build.0 = Debug|Any CPU
		{7ED2E24D-783B-48DC-A409-D60E7EF9E2E2}.Debug|x64.ActiveCfg = Debug|Any CPU
		{7ED2E24D-783B-48DC-A409-D60E7EF9E2E2}.Debug|x64.Build.0 = Debug|Any CPU
		{7ED2E24D-783B-48DC-A409-D60E7EF9E2E2}.Debug|x86.ActiveCfg = Debug|Any CPU
		{7ED2E24D-783B-48DC-A409-D60E7EF9E2E2}.Debug|x86.Build.0 = Debug|Any CPU
		{7ED2E24D-783B-48DC-A409-D60E7EF9E2E2}.Release|Any CPU.ActiveCfg = Release|Any CPU
		{7ED2E24D-783B-48DC-A409-D60E7EF9E2E2}.Release|Any CPU.Build.0 = Release|Any CPU
		{7ED2E24D-783B-48DC-A409-D60E7EF9E2E2}.Release|Mixed Platforms.ActiveCfg = Release|Any CPU
		{7ED2E24D-783B-48DC-A409-D60E7EF9E2E2}.Release|Mixed Platforms.Build.0 = Release|Any CPU
		{7ED2E24D-783B-48DC-A409-D60E7EF9E2E2}.Release|Win32.ActiveCfg = Release|Any CPU
		{7ED2E24D-783B-48DC-A409-D60E7EF9E2E2}.Release|Win32.Build.0 = Release|Any CPU
		{7ED2E24D-783B-48DC-A409-D60E7EF9E2E2}.Release|x64.ActiveCfg = Release|Any CPU
		{7ED2E24D-783B-48DC-A409-D60E7EF9E2E2}.Release|x64.Build.0 = Release|Any CPU
		{7ED2E24D-783B-48DC-A409-D60E7EF9E2E2}.Release|x86.ActiveCfg = Release|Any CPU
		{7ED2E24D-783B-48DC-A409-D60E7EF9E2E2}.Release|x86.Build.0 = Release|Any CPU
		{FBDFE4A4-5766-4624-9C96-0556F995D7B1}.Debug|Any CPU.ActiveCfg = Debug|Any CPU
		{FBDFE4A4-5766-4624-9C96-0556F995D7B1}.Debug|Any CPU.Build.0 = Debug|Any CPU
		{FBDFE4A4-5766-4624-9C96-0556F995D7B1}.Debug|Mixed Platforms.ActiveCfg = Debug|Any CPU
		{FBDFE4A4-5766-4624-9C96-0556F995D7B1}.Debug|Mixed Platforms.Build.0 = Debug|Any CPU
		{FBDFE4A4-5766-4624-9C96-0556F995D7B1}.Debug|Win32.ActiveCfg = Debug|Any CPU
		{FBDFE4A4-5766-4624-9C96-0556F995D7B1}.Debug|Win32.Build.0 = Debug|Any CPU
		{FBDFE4A4-5766-4624-9C96-0556F995D7B1}.Debug|x64.ActiveCfg = Debug|Any CPU
		{FBDFE4A4-5766-4624-9C96-0556F995D7B1}.Debug|x64.Build.0 = Debug|Any CPU
		{FBDFE4A4-5766-4624-9C96-0556F995D7B1}.Debug|x86.ActiveCfg = Debug|Any CPU
		{FBDFE4A4-5766-4624-9C96-0556F995D7B1}.Debug|x86.Build.0 = Debug|Any CPU
		{FBDFE4A4-5766-4624-9C96-0556F995D7B1}.Release|Any CPU.ActiveCfg = Release|Any CPU
		{FBDFE4A4-5766-4624-9C96-0556F995D7B1}.Release|Any CPU.Build.0 = Release|Any CPU
		{FBDFE4A4-5766-4624-9C96-0556F995D7B1}.Release|Mixed Platforms.ActiveCfg = Release|Any CPU
		{FBDFE4A4-5766-4624-9C96-0556F995D7B1}.Release|Mixed Platforms.Build.0 = Release|Any CPU
		{FBDFE4A4-5766-4624-9C96-0556F995D7B1}.Release|Win32.ActiveCfg = Release|Any CPU
		{FBDFE4A4-5766-4624-9C96-0556F995D7B1}.Release|Win32.Build.0 = Release|Any CPU
		{FBDFE4A4-5766-4624-9C96-0556F995D7B1}.Release|x64.ActiveCfg = Release|Any CPU
		{FBDFE4A4-5766-4624-9C96-0556F995D7B1}.Release|x64.Build.0 = Release|Any CPU
		{FBDFE4A4-5766-4624-9C96-0556F995D7B1}.Release|x86.ActiveCfg = Release|Any CPU
		{FBDFE4A4-5766-4624-9C96-0556F995D7B1}.Release|x86.Build.0 = Release|Any CPU
	EndGlobalSection
	GlobalSection(SolutionProperties) = preSolution
		HideSolutionNode = FALSE
	EndGlobalSection
	GlobalSection(NestedProjects) = preSolution
		{014C107B-55DB-4BC3-A8D6-980910334673} = {3D7D878F-3E08-478F-8590-25853B435E4D}
		{467383F1-6E22-4FB3-93FD-4F60588A1760} = {3D7D878F-3E08-478F-8590-25853B435E4D}
		{E4F0D65F-BD57-46D0-99B9-49E2B154BEB1} = {467383F1-6E22-4FB3-93FD-4F60588A1760}
		{6718731A-D510-4BB7-B80E-12EF181CF3DC} = {3D7D878F-3E08-478F-8590-25853B435E4D}
		{D0414CE3-8544-4BD8-B93E-07FD43CCC4C3} = {F4173085-4B12-441F-A5F9-E9C2E01F5705}
		{500487C1-9BB0-4BFE-A695-CD3890600DB3} = {21F6E570-1521-453F-941A-1824E49AC0F1}
		{CA811BC2-BDDB-4A01-9F02-D523514E29B6} = {21F6E570-1521-453F-941A-1824E49AC0F1}
		{5D6A9346-124A-492B-AEA1-2F8734F686B6} = {21F6E570-1521-453F-941A-1824E49AC0F1}
		{17ECA7E2-600D-4F13-AE88-4920E6065559} = {31685F6B-D1C8-4C06-91F8-ABA9C96AC20B}
		{7ED2E24D-783B-48DC-A409-D60E7EF9E2E2} = {31685F6B-D1C8-4C06-91F8-ABA9C96AC20B}
		{FBDFE4A4-5766-4624-9C96-0556F995D7B1} = {31685F6B-D1C8-4C06-91F8-ABA9C96AC20B}
	EndGlobalSection
	GlobalSection(TestCaseManagementSettings) = postSolution
		CategoryFile = Par2NET.vsmdi
	EndGlobalSection
EndGlobal
